
Microsoft Visual Studio Solution File, Format Version 12.00
# Visual Studio Version 17
VisualStudioVersion = 17.4.33205.214
MinimumVisualStudioVersion = 10.0.40219.1
Project("{888888A0-9F3D-457C-B088-3A5042F75D52}") = "Too_txt_failidega.Tsugunov", "Töö_txt_failidega.Tsugunov\Too_txt_failidega.Tsugunov.pyproj", "{91B8E40B-B3AE-40CD-8490-E80B6BA87F65}"
EndProject
Global
	GlobalSection(SolutionConfigurationPlatforms) = preSolution
		Debug|Any CPU = Debug|Any CPU
		Release|Any CPU = Release|Any CPU
	EndGlobalSection
	GlobalSection(ProjectConfigurationPlatforms) = postSolution
		{91B8E40B-B3AE-40CD-8490-E80B6BA87F65}.Debug|Any CPU.ActiveCfg = Debug|Any CPU
		{91B8E40B-B3AE-40CD-8490-E80B6BA87F65}.Release|Any CPU.ActiveCfg = Release|Any CPU
	EndGlobalSection
	GlobalSection(SolutionProperties) = preSolution
		HideSolutionNode = FALSE
	EndGlobalSection
	GlobalSection(ExtensibilityGlobals) = postSolution
		SolutionGuid = {2A4DE3AF-D3AD-4242-A1B8-6203038B5725}
	EndGlobalSection
EndGlobal
